// !$*UTF8*$!
{
	archiveVersion = 1;
	classes = {
	};
	objectVersion = 46;
	objects = {

/* Begin PBXBuildFile section */
		900ED8821B75279D005FED93 /* GroupiesSettingsTableViewController.swift in Sources */ = {isa = PBXBuildFile; fileRef = 900ED8811B75279D005FED93 /* GroupiesSettingsTableViewController.swift */; };
		900ED8841B752AB1005FED93 /* GroupiesSettingsCell.swift in Sources */ = {isa = PBXBuildFile; fileRef = 900ED8831B752AB1005FED93 /* GroupiesSettingsCell.swift */; };
		90135AC01B3AD4F400C9716F /* Bolts.framework in Frameworks */ = {isa = PBXBuildFile; fileRef = 90135ABB1B3AD4F400C9716F /* Bolts.framework */; };
		90135AC11B3AD4F400C9716F /* FBSDKCoreKit.framework in Frameworks */ = {isa = PBXBuildFile; fileRef = 90135ABC1B3AD4F400C9716F /* FBSDKCoreKit.framework */; };
		90135AC21B3AD4F400C9716F /* FBSDKLoginKit.framework in Frameworks */ = {isa = PBXBuildFile; fileRef = 90135ABD1B3AD4F400C9716F /* FBSDKLoginKit.framework */; };
		90135AC31B3AD4F400C9716F /* Parse.framework in Frameworks */ = {isa = PBXBuildFile; fileRef = 90135ABE1B3AD4F400C9716F /* Parse.framework */; };
		90135AC41B3AD4F400C9716F /* ParseFacebookUtilsV4.framework in Frameworks */ = {isa = PBXBuildFile; fileRef = 90135ABF1B3AD4F400C9716F /* ParseFacebookUtilsV4.framework */; };
		901B23D91B7AA7FA003538BE /* FBSDKShareKit.framework in Frameworks */ = {isa = PBXBuildFile; fileRef = 901B23D81B7AA7FA003538BE /* FBSDKShareKit.framework */; };
		901DAA1A1B55C84D00A20689 /* QsTheirCell.swift in Sources */ = {isa = PBXBuildFile; fileRef = 901DAA191B55C84D00A20689 /* QsTheirCell.swift */; };
		902B34CD1B3E4FB800B67ACE /* SignupViewController.swift in Sources */ = {isa = PBXBuildFile; fileRef = 902B34CC1B3E4FB800B67ACE /* SignupViewController.swift */; };
		902B34CF1B3E543800B67ACE /* WelcomeViewController.swift in Sources */ = {isa = PBXBuildFile; fileRef = 902B34CE1B3E543800B67ACE /* WelcomeViewController.swift */; };
		902B34D11B3E77DF00B67ACE /* GroupiesTableViewController.swift in Sources */ = {isa = PBXBuildFile; fileRef = 902B34D01B3E77DF00B67ACE /* GroupiesTableViewController.swift */; };
		902B34D31B3E7FBA00B67ACE /* GroupiesCell.swift in Sources */ = {isa = PBXBuildFile; fileRef = 902B34D21B3E7FBA00B67ACE /* GroupiesCell.swift */; };
		902B34D51B3EA21300B67ACE /* TabBarController.swift in Sources */ = {isa = PBXBuildFile; fileRef = 902B34D41B3EA21300B67ACE /* TabBarController.swift */; };
		902D871D1B574559001F9954 /* PeekPagedScrollViewController.swift in Sources */ = {isa = PBXBuildFile; fileRef = 902D871C1B574559001F9954 /* PeekPagedScrollViewController.swift */; };
		902D871F1B5747A9001F9954 /* ScrollViewContainer.swift in Sources */ = {isa = PBXBuildFile; fileRef = 902D871E1B5747A9001F9954 /* ScrollViewContainer.swift */; };
		902D87211B577862001F9954 /* QsMyCell.swift in Sources */ = {isa = PBXBuildFile; fileRef = 902D87201B577862001F9954 /* QsMyCell.swift */; };
		902D87231B57793C001F9954 /* QsMyTableVC.swift in Sources */ = {isa = PBXBuildFile; fileRef = 902D87221B57793C001F9954 /* QsMyTableVC.swift */; };
		903CF0F41B7A8283002BF72D /* SocialQs.xcdatamodeld in Sources */ = {isa = PBXBuildFile; fileRef = 903CF0F21B7A8283002BF72D /* SocialQs.xcdatamodeld */; };
		904123021B26A67C00397132 /* AppDelegate.swift in Sources */ = {isa = PBXBuildFile; fileRef = 904123011B26A67C00397132 /* AppDelegate.swift */; };
		904123091B26A67C00397132 /* Main.storyboard in Resources */ = {isa = PBXBuildFile; fileRef = 904123071B26A67C00397132 /* Main.storyboard */; };
		9041230B1B26A67C00397132 /* Images.xcassets in Resources */ = {isa = PBXBuildFile; fileRef = 9041230A1B26A67C00397132 /* Images.xcassets */; };
		9041230E1B26A67C00397132 /* LaunchScreen.xib in Resources */ = {isa = PBXBuildFile; fileRef = 9041230C1B26A67C00397132 /* LaunchScreen.xib */; };
		9041231A1B26A67C00397132 /* SocialQsTests.swift in Sources */ = {isa = PBXBuildFile; fileRef = 904123191B26A67C00397132 /* SocialQsTests.swift */; };
		904230DA1B2D19DF0014B1B4 /* SettingsViewController.swift in Sources */ = {isa = PBXBuildFile; fileRef = 904230D91B2D19DF0014B1B4 /* SettingsViewController.swift */; };
		904E29C91B58CC4E007E17D2 /* SettingsPopoverViewController.swift in Sources */ = {isa = PBXBuildFile; fileRef = 904E29C81B58CC4E007E17D2 /* SettingsPopoverViewController.swift */; };
		904E29CB1B59DC10007E17D2 /* Util.swift in Sources */ = {isa = PBXBuildFile; fileRef = 904E29CA1B59DC10007E17D2 /* Util.swift */; };
		905B2D961B322625001A74EE /* Globals.swift in Sources */ = {isa = PBXBuildFile; fileRef = 905B2D951B322625001A74EE /* Globals.swift */; };
		908A03F41B5DFE020050C0D9 /* AskTableViewCell.swift in Sources */ = {isa = PBXBuildFile; fileRef = 908A03F31B5DFE020050C0D9 /* AskTableViewCell.swift */; };
		908A03F61B5E01070050C0D9 /* AskViewController.swift in Sources */ = {isa = PBXBuildFile; fileRef = 908A03F51B5E01070050C0D9 /* AskViewController.swift */; };
		909937451BB7289E00535716 /* QsMyVC.swift in Sources */ = {isa = PBXBuildFile; fileRef = 909937441BB7289E00535716 /* QsMyVC.swift */; };
		909937471BB7305D00535716 /* QSMyCellNEW.swift in Sources */ = {isa = PBXBuildFile; fileRef = 909937461BB7305D00535716 /* QSMyCellNEW.swift */; };
		90A1473D1B2E4CBA00947B33 /* AudioToolbox.framework in Frameworks */ = {isa = PBXBuildFile; fileRef = 90A1473C1B2E4CBA00947B33 /* AudioToolbox.framework */; };
		90A1473F1B2E4CBF00947B33 /* CFNetwork.framework in Frameworks */ = {isa = PBXBuildFile; fileRef = 90A1473E1B2E4CBF00947B33 /* CFNetwork.framework */; };
		90A147411B2E4CC500947B33 /* CoreGraphics.framework in Frameworks */ = {isa = PBXBuildFile; fileRef = 90A147401B2E4CC500947B33 /* CoreGraphics.framework */; };
		90A147431B2E4CCB00947B33 /* CoreLocation.framework in Frameworks */ = {isa = PBXBuildFile; fileRef = 90A147421B2E4CCB00947B33 /* CoreLocation.framework */; };
		90A147451B2E4CD100947B33 /* MobileCoreServices.framework in Frameworks */ = {isa = PBXBuildFile; fileRef = 90A147441B2E4CD100947B33 /* MobileCoreServices.framework */; };
		90A147471B2E4CD700947B33 /* QuartzCore.framework in Frameworks */ = {isa = PBXBuildFile; fileRef = 90A147461B2E4CD700947B33 /* QuartzCore.framework */; };
		90A147491B2E4CDC00947B33 /* Security.framework in Frameworks */ = {isa = PBXBuildFile; fileRef = 90A147481B2E4CDC00947B33 /* Security.framework */; };
		90A1474D1B2E4CE800947B33 /* SystemConfiguration.framework in Frameworks */ = {isa = PBXBuildFile; fileRef = 90A1474C1B2E4CE800947B33 /* SystemConfiguration.framework */; };
		90A1474F1B2E4CF000947B33 /* libz.dylib in Frameworks */ = {isa = PBXBuildFile; fileRef = 90A1474E1B2E4CF000947B33 /* libz.dylib */; };
		90A147511B2E4CFA00947B33 /* libsqlite3.dylib in Frameworks */ = {isa = PBXBuildFile; fileRef = 90A147501B2E4CFA00947B33 /* libsqlite3.dylib */; };
		90A147531B2E4D0600947B33 /* Accounts.framework in Frameworks */ = {isa = PBXBuildFile; fileRef = 90A147521B2E4D0600947B33 /* Accounts.framework */; };
		90A147551B2E4D0D00947B33 /* Social.framework in Frameworks */ = {isa = PBXBuildFile; fileRef = 90A147541B2E4D0D00947B33 /* Social.framework */; };
		90D0B4EB1BA7EE7B009E284C /* QsGlobalVC.swift in Sources */ = {isa = PBXBuildFile; fileRef = 90D0B4EA1BA7EE7B009E284C /* QsGlobalVC.swift */; };
		90D7F3F81B62216B001284FA /* UsernameViewController.swift in Sources */ = {isa = PBXBuildFile; fileRef = 90D7F3F71B62216B001284FA /* UsernameViewController.swift */; };
		90DE6C211B30E9CC004F3BA0 /* LoginViewController.swift in Sources */ = {isa = PBXBuildFile; fileRef = 90DE6C201B30E9CC004F3BA0 /* LoginViewController.swift */; };
		90DFE2921B5B1C05005F44EC /* MainNavigationController.swift in Sources */ = {isa = PBXBuildFile; fileRef = 90DFE2911B5B1C05005F44EC /* MainNavigationController.swift */; };
		90E46CEF1B8EEA4800D5E8AB /* GroupiesNavigationController.swift in Sources */ = {isa = PBXBuildFile; fileRef = 90E46CEE1B8EEA4800D5E8AB /* GroupiesNavigationController.swift */; };
		90EF88421B83B92400752A27 /* WelcomeVC.swift in Sources */ = {isa = PBXBuildFile; fileRef = 90EF88411B83B92400752A27 /* WelcomeVC.swift */; };
		90F11AA11B3A4B7200AB1914 /* socialQuestionModel.swift in Sources */ = {isa = PBXBuildFile; fileRef = 90F11A9F1B3A4B7200AB1914 /* socialQuestionModel.swift */; };
		90FE1F1F1B43A89F005F2D68 /* VotesCell.swift in Sources */ = {isa = PBXBuildFile; fileRef = 90FE1F1E1B43A89F005F2D68 /* VotesCell.swift */; };
		90FE1F231B43A941005F2D68 /* VotesTableVC.swift in Sources */ = {isa = PBXBuildFile; fileRef = 90FE1F221B43A941005F2D68 /* VotesTableVC.swift */; };
		90FFFA701B9A6958005E9CDD /* QsTheirVC.swift in Sources */ = {isa = PBXBuildFile; fileRef = 90FFFA6F1B9A6958005E9CDD /* QsTheirVC.swift */; };
		90FFFA721B9A6ABA005E9CDD /* QSTheirCellNEW.swift in Sources */ = {isa = PBXBuildFile; fileRef = 90FFFA711B9A6ABA005E9CDD /* QSTheirCellNEW.swift */; };
/* End PBXBuildFile section */

/* Begin PBXContainerItemProxy section */
		904123141B26A67C00397132 /* PBXContainerItemProxy */ = {
			isa = PBXContainerItemProxy;
			containerPortal = 904122F41B26A67B00397132 /* Project object */;
			proxyType = 1;
			remoteGlobalIDString = 904122FB1B26A67B00397132;
			remoteInfo = SocialQs;
		};
/* End PBXContainerItemProxy section */

/* Begin PBXFileReference section */
		900ED8811B75279D005FED93 /* GroupiesSettingsTableViewController.swift */ = {isa = PBXFileReference; fileEncoding = 4; lastKnownFileType = sourcecode.swift; path = GroupiesSettingsTableViewController.swift; sourceTree = "<group>"; };
		900ED8831B752AB1005FED93 /* GroupiesSettingsCell.swift */ = {isa = PBXFileReference; fileEncoding = 4; lastKnownFileType = sourcecode.swift; path = GroupiesSettingsCell.swift; sourceTree = "<group>"; };
		90135ABB1B3AD4F400C9716F /* Bolts.framework */ = {isa = PBXFileReference; lastKnownFileType = wrapper.framework; name = Bolts.framework; path = SocialQs/Bolts.framework; sourceTree = "<group>"; };
		90135ABC1B3AD4F400C9716F /* FBSDKCoreKit.framework */ = {isa = PBXFileReference; lastKnownFileType = wrapper.framework; name = FBSDKCoreKit.framework; path = SocialQs/FBSDKCoreKit.framework; sourceTree = "<group>"; };
		90135ABD1B3AD4F400C9716F /* FBSDKLoginKit.framework */ = {isa = PBXFileReference; lastKnownFileType = wrapper.framework; name = FBSDKLoginKit.framework; path = SocialQs/FBSDKLoginKit.framework; sourceTree = "<group>"; };
		90135ABE1B3AD4F400C9716F /* Parse.framework */ = {isa = PBXFileReference; lastKnownFileType = wrapper.framework; name = Parse.framework; path = SocialQs/Parse.framework; sourceTree = "<group>"; };
		90135ABF1B3AD4F400C9716F /* ParseFacebookUtilsV4.framework */ = {isa = PBXFileReference; lastKnownFileType = wrapper.framework; name = ParseFacebookUtilsV4.framework; path = SocialQs/ParseFacebookUtilsV4.framework; sourceTree = "<group>"; };
		901B23D81B7AA7FA003538BE /* FBSDKShareKit.framework */ = {isa = PBXFileReference; lastKnownFileType = wrapper.framework; path = FBSDKShareKit.framework; sourceTree = "<group>"; };
		901DAA191B55C84D00A20689 /* QsTheirCell.swift */ = {isa = PBXFileReference; fileEncoding = 4; lastKnownFileType = sourcecode.swift; path = QsTheirCell.swift; sourceTree = "<group>"; };
		902B34CC1B3E4FB800B67ACE /* SignupViewController.swift */ = {isa = PBXFileReference; fileEncoding = 4; lastKnownFileType = sourcecode.swift; path = SignupViewController.swift; sourceTree = "<group>"; };
		902B34CE1B3E543800B67ACE /* WelcomeViewController.swift */ = {isa = PBXFileReference; fileEncoding = 4; lastKnownFileType = sourcecode.swift; path = WelcomeViewController.swift; sourceTree = "<group>"; };
		902B34D01B3E77DF00B67ACE /* GroupiesTableViewController.swift */ = {isa = PBXFileReference; fileEncoding = 4; lastKnownFileType = sourcecode.swift; path = GroupiesTableViewController.swift; sourceTree = "<group>"; };
		902B34D21B3E7FBA00B67ACE /* GroupiesCell.swift */ = {isa = PBXFileReference; fileEncoding = 4; lastKnownFileType = sourcecode.swift; path = GroupiesCell.swift; sourceTree = "<group>"; };
		902B34D41B3EA21300B67ACE /* TabBarController.swift */ = {isa = PBXFileReference; fileEncoding = 4; lastKnownFileType = sourcecode.swift; path = TabBarController.swift; sourceTree = "<group>"; };
		902D871C1B574559001F9954 /* PeekPagedScrollViewController.swift */ = {isa = PBXFileReference; fileEncoding = 4; lastKnownFileType = sourcecode.swift; path = PeekPagedScrollViewController.swift; sourceTree = "<group>"; };
		902D871E1B5747A9001F9954 /* ScrollViewContainer.swift */ = {isa = PBXFileReference; fileEncoding = 4; lastKnownFileType = sourcecode.swift; path = ScrollViewContainer.swift; sourceTree = "<group>"; };
		902D87201B577862001F9954 /* QsMyCell.swift */ = {isa = PBXFileReference; fileEncoding = 4; lastKnownFileType = sourcecode.swift; path = QsMyCell.swift; sourceTree = "<group>"; };
		902D87221B57793C001F9954 /* QsMyTableVC.swift */ = {isa = PBXFileReference; fileEncoding = 4; lastKnownFileType = sourcecode.swift; path = QsMyTableVC.swift; sourceTree = "<group>"; };
		903CF0F31B7A8283002BF72D /* SocialQs.xcdatamodel */ = {isa = PBXFileReference; lastKnownFileType = wrapper.xcdatamodel; path = SocialQs.xcdatamodel; sourceTree = "<group>"; };
		904122FC1B26A67B00397132 /* SocialQs.app */ = {isa = PBXFileReference; explicitFileType = wrapper.application; includeInIndex = 0; path = SocialQs.app; sourceTree = BUILT_PRODUCTS_DIR; };
		904123001B26A67C00397132 /* Info.plist */ = {isa = PBXFileReference; lastKnownFileType = text.plist.xml; path = Info.plist; sourceTree = "<group>"; };
		904123011B26A67C00397132 /* AppDelegate.swift */ = {isa = PBXFileReference; lastKnownFileType = sourcecode.swift; path = AppDelegate.swift; sourceTree = "<group>"; };
		904123081B26A67C00397132 /* Base */ = {isa = PBXFileReference; lastKnownFileType = file.storyboard; name = Base; path = Base.lproj/Main.storyboard; sourceTree = "<group>"; };
		9041230A1B26A67C00397132 /* Images.xcassets */ = {isa = PBXFileReference; lastKnownFileType = folder.assetcatalog; path = Images.xcassets; sourceTree = "<group>"; };
		9041230D1B26A67C00397132 /* Base */ = {isa = PBXFileReference; lastKnownFileType = file.xib; name = Base; path = Base.lproj/LaunchScreen.xib; sourceTree = "<group>"; };
		904123131B26A67C00397132 /* SocialQsTests.xctest */ = {isa = PBXFileReference; explicitFileType = wrapper.cfbundle; includeInIndex = 0; path = SocialQsTests.xctest; sourceTree = BUILT_PRODUCTS_DIR; };
		904123181B26A67C00397132 /* Info.plist */ = {isa = PBXFileReference; lastKnownFileType = text.plist.xml; path = Info.plist; sourceTree = "<group>"; };
		904123191B26A67C00397132 /* SocialQsTests.swift */ = {isa = PBXFileReference; lastKnownFileType = sourcecode.swift; path = SocialQsTests.swift; sourceTree = "<group>"; };
		904230D91B2D19DF0014B1B4 /* SettingsViewController.swift */ = {isa = PBXFileReference; fileEncoding = 4; lastKnownFileType = sourcecode.swift; path = SettingsViewController.swift; sourceTree = "<group>"; };
		904E29C81B58CC4E007E17D2 /* SettingsPopoverViewController.swift */ = {isa = PBXFileReference; fileEncoding = 4; lastKnownFileType = sourcecode.swift; path = SettingsPopoverViewController.swift; sourceTree = "<group>"; };
		904E29CA1B59DC10007E17D2 /* Util.swift */ = {isa = PBXFileReference; fileEncoding = 4; lastKnownFileType = sourcecode.swift; path = Util.swift; sourceTree = "<group>"; };
		905B2D951B322625001A74EE /* Globals.swift */ = {isa = PBXFileReference; fileEncoding = 4; lastKnownFileType = sourcecode.swift; path = Globals.swift; sourceTree = "<group>"; };
		908A03F31B5DFE020050C0D9 /* AskTableViewCell.swift */ = {isa = PBXFileReference; fileEncoding = 4; lastKnownFileType = sourcecode.swift; path = AskTableViewCell.swift; sourceTree = "<group>"; };
		908A03F51B5E01070050C0D9 /* AskViewController.swift */ = {isa = PBXFileReference; fileEncoding = 4; lastKnownFileType = sourcecode.swift; path = AskViewController.swift; sourceTree = "<group>"; };
		909937441BB7289E00535716 /* QsMyVC.swift */ = {isa = PBXFileReference; fileEncoding = 4; lastKnownFileType = sourcecode.swift; path = QsMyVC.swift; sourceTree = "<group>"; };
		909937461BB7305D00535716 /* QSMyCellNEW.swift */ = {isa = PBXFileReference; fileEncoding = 4; lastKnownFileType = sourcecode.swift; path = QSMyCellNEW.swift; sourceTree = "<group>"; };
		90A1473C1B2E4CBA00947B33 /* AudioToolbox.framework */ = {isa = PBXFileReference; lastKnownFileType = wrapper.framework; name = AudioToolbox.framework; path = System/Library/Frameworks/AudioToolbox.framework; sourceTree = SDKROOT; };
		90A1473E1B2E4CBF00947B33 /* CFNetwork.framework */ = {isa = PBXFileReference; lastKnownFileType = wrapper.framework; name = CFNetwork.framework; path = System/Library/Frameworks/CFNetwork.framework; sourceTree = SDKROOT; };
		90A147401B2E4CC500947B33 /* CoreGraphics.framework */ = {isa = PBXFileReference; lastKnownFileType = wrapper.framework; name = CoreGraphics.framework; path = System/Library/Frameworks/CoreGraphics.framework; sourceTree = SDKROOT; };
		90A147421B2E4CCB00947B33 /* CoreLocation.framework */ = {isa = PBXFileReference; lastKnownFileType = wrapper.framework; name = CoreLocation.framework; path = System/Library/Frameworks/CoreLocation.framework; sourceTree = SDKROOT; };
		90A147441B2E4CD100947B33 /* MobileCoreServices.framework */ = {isa = PBXFileReference; lastKnownFileType = wrapper.framework; name = MobileCoreServices.framework; path = System/Library/Frameworks/MobileCoreServices.framework; sourceTree = SDKROOT; };
		90A147461B2E4CD700947B33 /* QuartzCore.framework */ = {isa = PBXFileReference; lastKnownFileType = wrapper.framework; name = QuartzCore.framework; path = System/Library/Frameworks/QuartzCore.framework; sourceTree = SDKROOT; };
		90A147481B2E4CDC00947B33 /* Security.framework */ = {isa = PBXFileReference; lastKnownFileType = wrapper.framework; name = Security.framework; path = System/Library/Frameworks/Security.framework; sourceTree = SDKROOT; };
		90A1474C1B2E4CE800947B33 /* SystemConfiguration.framework */ = {isa = PBXFileReference; lastKnownFileType = wrapper.framework; name = SystemConfiguration.framework; path = System/Library/Frameworks/SystemConfiguration.framework; sourceTree = SDKROOT; };
		90A1474E1B2E4CF000947B33 /* libz.dylib */ = {isa = PBXFileReference; lastKnownFileType = "compiled.mach-o.dylib"; name = libz.dylib; path = usr/lib/libz.dylib; sourceTree = SDKROOT; };
		90A147501B2E4CFA00947B33 /* libsqlite3.dylib */ = {isa = PBXFileReference; lastKnownFileType = "compiled.mach-o.dylib"; name = libsqlite3.dylib; path = usr/lib/libsqlite3.dylib; sourceTree = SDKROOT; };
		90A147521B2E4D0600947B33 /* Accounts.framework */ = {isa = PBXFileReference; lastKnownFileType = wrapper.framework; name = Accounts.framework; path = System/Library/Frameworks/Accounts.framework; sourceTree = SDKROOT; };
		90A147541B2E4D0D00947B33 /* Social.framework */ = {isa = PBXFileReference; lastKnownFileType = wrapper.framework; name = Social.framework; path = System/Library/Frameworks/Social.framework; sourceTree = SDKROOT; };
		90A575711B3852DF0009CE37 /* SocialQs-Bridging-Header.h */ = {isa = PBXFileReference; lastKnownFileType = sourcecode.c.h; path = "SocialQs-Bridging-Header.h"; sourceTree = "<group>"; };
		90D0B4EA1BA7EE7B009E284C /* QsGlobalVC.swift */ = {isa = PBXFileReference; fileEncoding = 4; lastKnownFileType = sourcecode.swift; path = QsGlobalVC.swift; sourceTree = "<group>"; };
		90D7F3F71B62216B001284FA /* UsernameViewController.swift */ = {isa = PBXFileReference; fileEncoding = 4; lastKnownFileType = sourcecode.swift; path = UsernameViewController.swift; sourceTree = "<group>"; };
		90DE6C201B30E9CC004F3BA0 /* LoginViewController.swift */ = {isa = PBXFileReference; fileEncoding = 4; lastKnownFileType = sourcecode.swift; path = LoginViewController.swift; sourceTree = "<group>"; };
		90DFE2911B5B1C05005F44EC /* MainNavigationController.swift */ = {isa = PBXFileReference; fileEncoding = 4; lastKnownFileType = sourcecode.swift; path = MainNavigationController.swift; sourceTree = "<group>"; };
		90E46CEE1B8EEA4800D5E8AB /* GroupiesNavigationController.swift */ = {isa = PBXFileReference; fileEncoding = 4; lastKnownFileType = sourcecode.swift; path = GroupiesNavigationController.swift; sourceTree = "<group>"; };
		90EF88411B83B92400752A27 /* WelcomeVC.swift */ = {isa = PBXFileReference; fileEncoding = 4; lastKnownFileType = sourcecode.swift; path = WelcomeVC.swift; sourceTree = "<group>"; };
		90F11A9F1B3A4B7200AB1914 /* socialQuestionModel.swift */ = {isa = PBXFileReference; fileEncoding = 4; lastKnownFileType = sourcecode.swift; path = socialQuestionModel.swift; sourceTree = "<group>"; };
		90FE1F1E1B43A89F005F2D68 /* VotesCell.swift */ = {isa = PBXFileReference; fileEncoding = 4; lastKnownFileType = sourcecode.swift; path = VotesCell.swift; sourceTree = "<group>"; };
		90FE1F221B43A941005F2D68 /* VotesTableVC.swift */ = {isa = PBXFileReference; fileEncoding = 4; lastKnownFileType = sourcecode.swift; path = VotesTableVC.swift; sourceTree = "<group>"; };
		90FFFA6F1B9A6958005E9CDD /* QsTheirVC.swift */ = {isa = PBXFileReference; fileEncoding = 4; lastKnownFileType = sourcecode.swift; path = QsTheirVC.swift; sourceTree = "<group>"; };
		90FFFA711B9A6ABA005E9CDD /* QSTheirCellNEW.swift */ = {isa = PBXFileReference; fileEncoding = 4; lastKnownFileType = sourcecode.swift; path = QSTheirCellNEW.swift; sourceTree = "<group>"; };
/* End PBXFileReference section */

/* Begin PBXFrameworksBuildPhase section */
		904122F91B26A67B00397132 /* Frameworks */ = {
			isa = PBXFrameworksBuildPhase;
			buildActionMask = 2147483647;
			files = (
				90A147551B2E4D0D00947B33 /* Social.framework in Frameworks */,
				90A147531B2E4D0600947B33 /* Accounts.framework in Frameworks */,
				90135AC21B3AD4F400C9716F /* FBSDKLoginKit.framework in Frameworks */,
				90A147511B2E4CFA00947B33 /* libsqlite3.dylib in Frameworks */,
				90A1474F1B2E4CF000947B33 /* libz.dylib in Frameworks */,
				90A1474D1B2E4CE800947B33 /* SystemConfiguration.framework in Frameworks */,
				90A147491B2E4CDC00947B33 /* Security.framework in Frameworks */,
				90A147471B2E4CD700947B33 /* QuartzCore.framework in Frameworks */,
				90A147451B2E4CD100947B33 /* MobileCoreServices.framework in Frameworks */,
				90135AC11B3AD4F400C9716F /* FBSDKCoreKit.framework in Frameworks */,
				90135AC41B3AD4F400C9716F /* ParseFacebookUtilsV4.framework in Frameworks */,
				90135AC31B3AD4F400C9716F /* Parse.framework in Frameworks */,
				90A147431B2E4CCB00947B33 /* CoreLocation.framework in Frameworks */,
				90A147411B2E4CC500947B33 /* CoreGraphics.framework in Frameworks */,
				901B23D91B7AA7FA003538BE /* FBSDKShareKit.framework in Frameworks */,
				90A1473F1B2E4CBF00947B33 /* CFNetwork.framework in Frameworks */,
				90A1473D1B2E4CBA00947B33 /* AudioToolbox.framework in Frameworks */,
				90135AC01B3AD4F400C9716F /* Bolts.framework in Frameworks */,
			);
			runOnlyForDeploymentPostprocessing = 0;
		};
		904123101B26A67C00397132 /* Frameworks */ = {
			isa = PBXFrameworksBuildPhase;
			buildActionMask = 2147483647;
			files = (
			);
			runOnlyForDeploymentPostprocessing = 0;
		};
/* End PBXFrameworksBuildPhase section */

/* Begin PBXGroup section */
		904122F31B26A67B00397132 = {
			isa = PBXGroup;
			children = (
				903CF0F21B7A8283002BF72D /* SocialQs.xcdatamodeld */,
				90A147371B2E4C6500947B33 /* Frameworks */,
				904122FE1B26A67B00397132 /* SocialQs */,
				904123161B26A67C00397132 /* SocialQsTests */,
				904122FD1B26A67B00397132 /* Products */,
			);
			sourceTree = "<group>";
		};
		904122FD1B26A67B00397132 /* Products */ = {
			isa = PBXGroup;
			children = (
				904122FC1B26A67B00397132 /* SocialQs.app */,
				904123131B26A67C00397132 /* SocialQsTests.xctest */,
			);
			name = Products;
			sourceTree = "<group>";
		};
		904122FE1B26A67B00397132 /* SocialQs */ = {
			isa = PBXGroup;
			children = (
				904123011B26A67C00397132 /* AppDelegate.swift */,
				908A03F31B5DFE020050C0D9 /* AskTableViewCell.swift */,
				908A03F51B5E01070050C0D9 /* AskViewController.swift */,
				905B2D951B322625001A74EE /* Globals.swift */,
				902B34D21B3E7FBA00B67ACE /* GroupiesCell.swift */,
				90E46CEE1B8EEA4800D5E8AB /* GroupiesNavigationController.swift */,
				900ED8831B752AB1005FED93 /* GroupiesSettingsCell.swift */,
				900ED8811B75279D005FED93 /* GroupiesSettingsTableViewController.swift */,
				902B34D01B3E77DF00B67ACE /* GroupiesTableViewController.swift */,
				9041230A1B26A67C00397132 /* Images.xcassets */,
				9041230C1B26A67C00397132 /* LaunchScreen.xib */,
				90DE6C201B30E9CC004F3BA0 /* LoginViewController.swift */,
				904123071B26A67C00397132 /* Main.storyboard */,
				90DFE2911B5B1C05005F44EC /* MainNavigationController.swift */,
				902D871C1B574559001F9954 /* PeekPagedScrollViewController.swift */,
				90D0B4EA1BA7EE7B009E284C /* QsGlobalVC.swift */,
				902D87201B577862001F9954 /* QsMyCell.swift */,
				902D87221B57793C001F9954 /* QsMyTableVC.swift */,
				909937441BB7289E00535716 /* QsMyVC.swift */,
				901DAA191B55C84D00A20689 /* QsTheirCell.swift */,
				90FFFA711B9A6ABA005E9CDD /* QSTheirCellNEW.swift */,
				909937461BB7305D00535716 /* QSMyCellNEW.swift */,
				90FFFA6F1B9A6958005E9CDD /* QsTheirVC.swift */,
				902D871E1B5747A9001F9954 /* ScrollViewContainer.swift */,
				904E29C81B58CC4E007E17D2 /* SettingsPopoverViewController.swift */,
				904230D91B2D19DF0014B1B4 /* SettingsViewController.swift */,
				902B34CC1B3E4FB800B67ACE /* SignupViewController.swift */,
				90F11A9F1B3A4B7200AB1914 /* socialQuestionModel.swift */,
				904122FF1B26A67C00397132 /* Supporting Files */,
				902B34D41B3EA21300B67ACE /* TabBarController.swift */,
				90D7F3F71B62216B001284FA /* UsernameViewController.swift */,
				904E29CA1B59DC10007E17D2 /* Util.swift */,
				90FE1F1E1B43A89F005F2D68 /* VotesCell.swift */,
				90FE1F221B43A941005F2D68 /* VotesTableVC.swift */,
				90EF88411B83B92400752A27 /* WelcomeVC.swift */,
				902B34CE1B3E543800B67ACE /* WelcomeViewController.swift */,
			);
			path = SocialQs;
			sourceTree = "<group>";
		};
		904122FF1B26A67C00397132 /* Supporting Files */ = {
			isa = PBXGroup;
			children = (
				90A575711B3852DF0009CE37 /* SocialQs-Bridging-Header.h */,
				904123001B26A67C00397132 /* Info.plist */,
			);
			name = "Supporting Files";
			sourceTree = "<group>";
		};
		904123161B26A67C00397132 /* SocialQsTests */ = {
			isa = PBXGroup;
			children = (
				904123191B26A67C00397132 /* SocialQsTests.swift */,
				904123171B26A67C00397132 /* Supporting Files */,
			);
			path = SocialQsTests;
			sourceTree = "<group>";
		};
		904123171B26A67C00397132 /* Supporting Files */ = {
			isa = PBXGroup;
			children = (
				904123181B26A67C00397132 /* Info.plist */,
			);
			name = "Supporting Files";
			sourceTree = "<group>";
		};
		90A147371B2E4C6500947B33 /* Frameworks */ = {
			isa = PBXGroup;
			children = (
				901B23D81B7AA7FA003538BE /* FBSDKShareKit.framework */,
				90135ABB1B3AD4F400C9716F /* Bolts.framework */,
				90135ABC1B3AD4F400C9716F /* FBSDKCoreKit.framework */,
				90135ABD1B3AD4F400C9716F /* FBSDKLoginKit.framework */,
				90135ABE1B3AD4F400C9716F /* Parse.framework */,
				90135ABF1B3AD4F400C9716F /* ParseFacebookUtilsV4.framework */,
				90A147541B2E4D0D00947B33 /* Social.framework */,
				90A147521B2E4D0600947B33 /* Accounts.framework */,
				90A147501B2E4CFA00947B33 /* libsqlite3.dylib */,
				90A1474E1B2E4CF000947B33 /* libz.dylib */,
				90A1474C1B2E4CE800947B33 /* SystemConfiguration.framework */,
				90A147481B2E4CDC00947B33 /* Security.framework */,
				90A147461B2E4CD700947B33 /* QuartzCore.framework */,
				90A147441B2E4CD100947B33 /* MobileCoreServices.framework */,
				90A147421B2E4CCB00947B33 /* CoreLocation.framework */,
				90A147401B2E4CC500947B33 /* CoreGraphics.framework */,
				90A1473E1B2E4CBF00947B33 /* CFNetwork.framework */,
				90A1473C1B2E4CBA00947B33 /* AudioToolbox.framework */,
			);
			name = Frameworks;
			sourceTree = "<group>";
		};
/* End PBXGroup section */

/* Begin PBXNativeTarget section */
		904122FB1B26A67B00397132 /* SocialQs */ = {
			isa = PBXNativeTarget;
			buildConfigurationList = 9041231D1B26A67C00397132 /* Build configuration list for PBXNativeTarget "SocialQs" */;
			buildPhases = (
				904122F81B26A67B00397132 /* Sources */,
				904122F91B26A67B00397132 /* Frameworks */,
				904122FA1B26A67B00397132 /* Resources */,
			);
			buildRules = (
			);
			dependencies = (
			);
			name = SocialQs;
			productName = SocialQs;
			productReference = 904122FC1B26A67B00397132 /* SocialQs.app */;
			productType = "com.apple.product-type.application";
		};
		904123121B26A67C00397132 /* SocialQsTests */ = {
			isa = PBXNativeTarget;
			buildConfigurationList = 904123201B26A67C00397132 /* Build configuration list for PBXNativeTarget "SocialQsTests" */;
			buildPhases = (
				9041230F1B26A67C00397132 /* Sources */,
				904123101B26A67C00397132 /* Frameworks */,
				904123111B26A67C00397132 /* Resources */,
			);
			buildRules = (
			);
			dependencies = (
				904123151B26A67C00397132 /* PBXTargetDependency */,
			);
			name = SocialQsTests;
			productName = SocialQsTests;
			productReference = 904123131B26A67C00397132 /* SocialQsTests.xctest */;
			productType = "com.apple.product-type.bundle.unit-test";
		};
/* End PBXNativeTarget section */

/* Begin PBXProject section */
		904122F41B26A67B00397132 /* Project object */ = {
			isa = PBXProject;
			attributes = {
				LastUpgradeCheck = 0630;
				ORGANIZATIONNAME = BookSix;
				TargetAttributes = {
					904122FB1B26A67B00397132 = {
						CreatedOnToolsVersion = 6.3.2;
						DevelopmentTeam = 7GUCS6C8B3;
						SystemCapabilities = {
							com.apple.InAppPurchase = {
								enabled = 0;
							};
						};
					};
					904123121B26A67C00397132 = {
						CreatedOnToolsVersion = 6.3.2;
						TestTargetID = 904122FB1B26A67B00397132;
					};
				};
			};
			buildConfigurationList = 904122F71B26A67B00397132 /* Build configuration list for PBXProject "SocialQs" */;
			compatibilityVersion = "Xcode 3.2";
			developmentRegion = English;
			hasScannedForEncodings = 0;
			knownRegions = (
				en,
				Base,
			);
			mainGroup = 904122F31B26A67B00397132;
			productRefGroup = 904122FD1B26A67B00397132 /* Products */;
			projectDirPath = "";
			projectRoot = "";
			targets = (
				904122FB1B26A67B00397132 /* SocialQs */,
				904123121B26A67C00397132 /* SocialQsTests */,
			);
		};
/* End PBXProject section */

/* Begin PBXResourcesBuildPhase section */
		904122FA1B26A67B00397132 /* Resources */ = {
			isa = PBXResourcesBuildPhase;
			buildActionMask = 2147483647;
			files = (
				904123091B26A67C00397132 /* Main.storyboard in Resources */,
				9041230E1B26A67C00397132 /* LaunchScreen.xib in Resources */,
				9041230B1B26A67C00397132 /* Images.xcassets in Resources */,
			);
			runOnlyForDeploymentPostprocessing = 0;
		};
		904123111B26A67C00397132 /* Resources */ = {
			isa = PBXResourcesBuildPhase;
			buildActionMask = 2147483647;
			files = (
			);
			runOnlyForDeploymentPostprocessing = 0;
		};
/* End PBXResourcesBuildPhase section */

/* Begin PBXSourcesBuildPhase section */
		904122F81B26A67B00397132 /* Sources */ = {
			isa = PBXSourcesBuildPhase;
			buildActionMask = 2147483647;
			files = (
				902D87231B57793C001F9954 /* QsMyTableVC.swift in Sources */,
				903CF0F41B7A8283002BF72D /* SocialQs.xcdatamodeld in Sources */,
				909937451BB7289E00535716 /* QsMyVC.swift in Sources */,
				90FFFA701B9A6958005E9CDD /* QsTheirVC.swift in Sources */,
				90D0B4EB1BA7EE7B009E284C /* QsGlobalVC.swift in Sources */,
				904E29C91B58CC4E007E17D2 /* SettingsPopoverViewController.swift in Sources */,
				90F11AA11B3A4B7200AB1914 /* socialQuestionModel.swift in Sources */,
				908A03F41B5DFE020050C0D9 /* AskTableViewCell.swift in Sources */,
				902B34CF1B3E543800B67ACE /* WelcomeViewController.swift in Sources */,
				902B34D51B3EA21300B67ACE /* TabBarController.swift in Sources */,
				902B34D11B3E77DF00B67ACE /* GroupiesTableViewController.swift in Sources */,
				901DAA1A1B55C84D00A20689 /* QsTheirCell.swift in Sources */,
				904123021B26A67C00397132 /* AppDelegate.swift in Sources */,
				90DE6C211B30E9CC004F3BA0 /* LoginViewController.swift in Sources */,
				90FE1F1F1B43A89F005F2D68 /* VotesCell.swift in Sources */,
				90FE1F231B43A941005F2D68 /* VotesTableVC.swift in Sources */,
				902B34D31B3E7FBA00B67ACE /* GroupiesCell.swift in Sources */,
				904230DA1B2D19DF0014B1B4 /* SettingsViewController.swift in Sources */,
				902B34CD1B3E4FB800B67ACE /* SignupViewController.swift in Sources */,
				909937471BB7305D00535716 /* QSMyCellNEW.swift in Sources */,
				900ED8841B752AB1005FED93 /* GroupiesSettingsCell.swift in Sources */,
				902D87211B577862001F9954 /* QsMyCell.swift in Sources */,
				90EF88421B83B92400752A27 /* WelcomeVC.swift in Sources */,
				900ED8821B75279D005FED93 /* GroupiesSettingsTableViewController.swift in Sources */,
				90DFE2921B5B1C05005F44EC /* MainNavigationController.swift in Sources */,
				904E29CB1B59DC10007E17D2 /* Util.swift in Sources */,
				90FFFA721B9A6ABA005E9CDD /* QSTheirCellNEW.swift in Sources */,
				908A03F61B5E01070050C0D9 /* AskViewController.swift in Sources */,
				902D871D1B574559001F9954 /* PeekPagedScrollViewController.swift in Sources */,
				905B2D961B322625001A74EE /* Globals.swift in Sources */,
				90D7F3F81B62216B001284FA /* UsernameViewController.swift in Sources */,
				902D871F1B5747A9001F9954 /* ScrollViewContainer.swift in Sources */,
				90E46CEF1B8EEA4800D5E8AB /* GroupiesNavigationController.swift in Sources */,
			);
			runOnlyForDeploymentPostprocessing = 0;
		};
		9041230F1B26A67C00397132 /* Sources */ = {
			isa = PBXSourcesBuildPhase;
			buildActionMask = 2147483647;
			files = (
				9041231A1B26A67C00397132 /* SocialQsTests.swift in Sources */,
			);
			runOnlyForDeploymentPostprocessing = 0;
		};
/* End PBXSourcesBuildPhase section */

/* Begin PBXTargetDependency section */
		904123151B26A67C00397132 /* PBXTargetDependency */ = {
			isa = PBXTargetDependency;
			target = 904122FB1B26A67B00397132 /* SocialQs */;
			targetProxy = 904123141B26A67C00397132 /* PBXContainerItemProxy */;
		};
/* End PBXTargetDependency section */

/* Begin PBXVariantGroup section */
		904123071B26A67C00397132 /* Main.storyboard */ = {
			isa = PBXVariantGroup;
			children = (
				904123081B26A67C00397132 /* Base */,
			);
			name = Main.storyboard;
			sourceTree = "<group>";
		};
		9041230C1B26A67C00397132 /* LaunchScreen.xib */ = {
			isa = PBXVariantGroup;
			children = (
				9041230D1B26A67C00397132 /* Base */,
			);
			name = LaunchScreen.xib;
			sourceTree = "<group>";
		};
/* End PBXVariantGroup section */

/* Begin XCBuildConfiguration section */
		9041231B1B26A67C00397132 /* Debug */ = {
			isa = XCBuildConfiguration;
			buildSettings = {
				ALWAYS_SEARCH_USER_PATHS = NO;
				CLANG_CXX_LANGUAGE_STANDARD = "gnu++0x";
				CLANG_CXX_LIBRARY = "libc++";
				CLANG_ENABLE_MODULES = YES;
				CLANG_ENABLE_OBJC_ARC = YES;
				CLANG_WARN_BOOL_CONVERSION = YES;
				CLANG_WARN_CONSTANT_CONVERSION = YES;
				CLANG_WARN_DIRECT_OBJC_ISA_USAGE = YES_ERROR;
				CLANG_WARN_EMPTY_BODY = YES;
				CLANG_WARN_ENUM_CONVERSION = YES;
				CLANG_WARN_INT_CONVERSION = YES;
				CLANG_WARN_OBJC_ROOT_CLASS = YES_ERROR;
				CLANG_WARN_UNREACHABLE_CODE = YES;
				CLANG_WARN__DUPLICATE_METHOD_MATCH = YES;
				CODE_SIGN_IDENTITY = "iPhone Developer: Brett Wiesman (G2GNJP8DZS)";
				"CODE_SIGN_IDENTITY[sdk=iphoneos*]" = "-";
				COPY_PHASE_STRIP = NO;
				DEBUG_INFORMATION_FORMAT = "dwarf-with-dsym";
				ENABLE_STRICT_OBJC_MSGSEND = YES;
				GCC_C_LANGUAGE_STANDARD = gnu99;
				GCC_DYNAMIC_NO_PIC = NO;
				GCC_NO_COMMON_BLOCKS = YES;
				GCC_OPTIMIZATION_LEVEL = 0;
				GCC_PREPROCESSOR_DEFINITIONS = (
					"DEBUG=1",
					"$(inherited)",
				);
				GCC_SYMBOLS_PRIVATE_EXTERN = NO;
				GCC_WARN_64_TO_32_BIT_CONVERSION = YES;
				GCC_WARN_ABOUT_RETURN_TYPE = YES_ERROR;
				GCC_WARN_UNDECLARED_SELECTOR = YES;
				GCC_WARN_UNINITIALIZED_AUTOS = YES_AGGRESSIVE;
				GCC_WARN_UNUSED_FUNCTION = YES;
				GCC_WARN_UNUSED_VARIABLE = YES;
				IPHONEOS_DEPLOYMENT_TARGET = 8.3;
				MTL_ENABLE_DEBUG_INFO = YES;
				ONLY_ACTIVE_ARCH = YES;
				SDKROOT = iphoneos;
				SWIFT_OPTIMIZATION_LEVEL = "-Onone";
			};
			name = Debug;
		};
		9041231C1B26A67C00397132 /* Release */ = {
			isa = XCBuildConfiguration;
			buildSettings = {
				ALWAYS_SEARCH_USER_PATHS = NO;
				CLANG_CXX_LANGUAGE_STANDARD = "gnu++0x";
				CLANG_CXX_LIBRARY = "libc++";
				CLANG_ENABLE_MODULES = YES;
				CLANG_ENABLE_OBJC_ARC = YES;
				CLANG_WARN_BOOL_CONVERSION = YES;
				CLANG_WARN_CONSTANT_CONVERSION = YES;
				CLANG_WARN_DIRECT_OBJC_ISA_USAGE = YES_ERROR;
				CLANG_WARN_EMPTY_BODY = YES;
				CLANG_WARN_ENUM_CONVERSION = YES;
				CLANG_WARN_INT_CONVERSION = YES;
				CLANG_WARN_OBJC_ROOT_CLASS = YES_ERROR;
				CLANG_WARN_UNREACHABLE_CODE = YES;
				CLANG_WARN__DUPLICATE_METHOD_MATCH = YES;
				CODE_SIGN_IDENTITY = "iPhone Developer: Brett Wiesman (G2GNJP8DZS)";
				"CODE_SIGN_IDENTITY[sdk=iphoneos*]" = "-";
				COPY_PHASE_STRIP = NO;
				DEBUG_INFORMATION_FORMAT = "dwarf-with-dsym";
				ENABLE_NS_ASSERTIONS = NO;
				ENABLE_STRICT_OBJC_MSGSEND = YES;
				GCC_C_LANGUAGE_STANDARD = gnu99;
				GCC_NO_COMMON_BLOCKS = YES;
				GCC_WARN_64_TO_32_BIT_CONVERSION = YES;
				GCC_WARN_ABOUT_RETURN_TYPE = YES_ERROR;
				GCC_WARN_UNDECLARED_SELECTOR = YES;
				GCC_WARN_UNINITIALIZED_AUTOS = YES_AGGRESSIVE;
				GCC_WARN_UNUSED_FUNCTION = YES;
				GCC_WARN_UNUSED_VARIABLE = YES;
				IPHONEOS_DEPLOYMENT_TARGET = 8.3;
				MTL_ENABLE_DEBUG_INFO = NO;
				SDKROOT = iphoneos;
				VALIDATE_PRODUCT = YES;
			};
			name = Release;
		};
		9041231E1B26A67C00397132 /* Debug */ = {
			isa = XCBuildConfiguration;
			buildSettings = {
				ASSETCATALOG_COMPILER_APPICON_NAME = AppIcon;
				CLANG_ENABLE_MODULES = YES;
				CODE_SIGN_IDENTITY = "iPhone Developer";
				"CODE_SIGN_IDENTITY[sdk=iphoneos*]" = "iPhone Developer";
				FRAMEWORK_SEARCH_PATHS = (
					"$(inherited)",
					"$(PROJECT_DIR)",
					"$(PROJECT_DIR)/SocialQs",
				);
				INFOPLIST_FILE = SocialQs/Info.plist;
				IPHONEOS_DEPLOYMENT_TARGET = 8.0;
				LD_RUNPATH_SEARCH_PATHS = "$(inherited) @executable_path/Frameworks";
				PRODUCT_NAME = "$(TARGET_NAME)";
				PROVISIONING_PROFILE = "979e0a71-064a-4e6f-b0a8-4ed3fcfe597a";
				SDKROOT = iphoneos;
				SWIFT_OBJC_BRIDGING_HEADER = "SocialQs/SocialQs-Bridging-Header.h";
				SWIFT_OPTIMIZATION_LEVEL = "-Onone";
				TARGETED_DEVICE_FAMILY = 1;
				VALIDATE_PRODUCT = NO;
			};
			name = Debug;
		};
		9041231F1B26A67C00397132 /* Release */ = {
			isa = XCBuildConfiguration;
			buildSettings = {
				ASSETCATALOG_COMPILER_APPICON_NAME = AppIcon;
				CLANG_ENABLE_MODULES = YES;
				CODE_SIGN_IDENTITY = "iPhone Distribution";
				"CODE_SIGN_IDENTITY[sdk=iphoneos*]" = "iPhone Distribution";
				FRAMEWORK_SEARCH_PATHS = (
					"$(inherited)",
					"$(PROJECT_DIR)",
					"$(PROJECT_DIR)/SocialQs",
				);
				INFOPLIST_FILE = SocialQs/Info.plist;
				IPHONEOS_DEPLOYMENT_TARGET = 8.0;
				LD_RUNPATH_SEARCH_PATHS = "$(inherited) @executable_path/Frameworks";
				PRODUCT_NAME = "$(TARGET_NAME)";
				PROVISIONING_PROFILE = "979e0a71-064a-4e6f-b0a8-4ed3fcfe597a";
				SDKROOT = iphoneos;
				SWIFT_OBJC_BRIDGING_HEADER = "SocialQs/SocialQs-Bridging-Header.h";
				TARGETED_DEVICE_FAMILY = 1;
			};
			name = Release;
		};
		904123211B26A67C00397132 /* Debug */ = {
			isa = XCBuildConfiguration;
			buildSettings = {
				BUNDLE_LOADER = "$(TEST_HOST)";
				FRAMEWORK_SEARCH_PATHS = (
					"$(SDKROOT)/Developer/Library/Frameworks",
					"$(inherited)",
				);
				GCC_PREPROCESSOR_DEFINITIONS = (
					"DEBUG=1",
					"$(inherited)",
				);
				INFOPLIST_FILE = SocialQsTests/Info.plist;
				LD_RUNPATH_SEARCH_PATHS = "$(inherited) @executable_path/Frameworks @loader_path/Frameworks";
				PRODUCT_NAME = "$(TARGET_NAME)";
				TEST_HOST = "$(BUILT_PRODUCTS_DIR)/SocialQs.app/SocialQs";
			};
			name = Debug;
		};
		904123221B26A67C00397132 /* Release */ = {
			isa = XCBuildConfiguration;
			buildSettings = {
				BUNDLE_LOADER = "$(TEST_HOST)";
				FRAMEWORK_SEARCH_PATHS = (
					"$(SDKROOT)/Developer/Library/Frameworks",
					"$(inherited)",
				);
				INFOPLIST_FILE = SocialQsTests/Info.plist;
				LD_RUNPATH_SEARCH_PATHS = "$(inherited) @executable_path/Frameworks @loader_path/Frameworks";
				PRODUCT_NAME = "$(TARGET_NAME)";
				TEST_HOST = "$(BUILT_PRODUCTS_DIR)/SocialQs.app/SocialQs";
			};
			name = Release;
		};
/* End XCBuildConfiguration section */

/* Begin XCConfigurationList section */
		904122F71B26A67B00397132 /* Build configuration list for PBXProject "SocialQs" */ = {
			isa = XCConfigurationList;
			buildConfigurations = (
				9041231B1B26A67C00397132 /* Debug */,
				9041231C1B26A67C00397132 /* Release */,
			);
			defaultConfigurationIsVisible = 0;
			defaultConfigurationName = Release;
		};
		9041231D1B26A67C00397132 /* Build configuration list for PBXNativeTarget "SocialQs" */ = {
			isa = XCConfigurationList;
			buildConfigurations = (
				9041231E1B26A67C00397132 /* Debug */,
				9041231F1B26A67C00397132 /* Release */,
			);
			defaultConfigurationIsVisible = 0;
			defaultConfigurationName = Release;
		};
		904123201B26A67C00397132 /* Build configuration list for PBXNativeTarget "SocialQsTests" */ = {
			isa = XCConfigurationList;
			buildConfigurations = (
				904123211B26A67C00397132 /* Debug */,
				904123221B26A67C00397132 /* Release */,
			);
			defaultConfigurationIsVisible = 0;
			defaultConfigurationName = Release;
		};
/* End XCConfigurationList section */

/* Begin XCVersionGroup section */
		903CF0F21B7A8283002BF72D /* SocialQs.xcdatamodeld */ = {
			isa = XCVersionGroup;
			children = (
				903CF0F31B7A8283002BF72D /* SocialQs.xcdatamodel */,
			);
			currentVersion = 903CF0F31B7A8283002BF72D /* SocialQs.xcdatamodel */;
			name = SocialQs.xcdatamodeld;
			path = SocialQs/SocialQs.xcdatamodeld;
			sourceTree = "<group>";
			versionGroupType = wrapper.xcdatamodel;
		};
/* End XCVersionGroup section */
	};
	rootObject = 904122F41B26A67B00397132 /* Project object */;
}
